
Microsoft Visual Studio Solution File, Format Version 12.00
# Visual Studio Version 16
VisualStudioVersion = 16.0.31019.35
MinimumVisualStudioVersion = 10.0.40219.1
Project("{FAE04EC0-301F-11D3-BF4B-00C04F79EFBC}") = "Application", "Application\Application.csproj", "{3F0237D3-F1A8-4BF1-9E46-16407736F81A}"
EndProject
Project("{FAE04EC0-301F-11D3-BF4B-00C04F79EFBC}") = "Data", "Data\Data.csproj", "{0BD38449-9112-441F-95E8-875F803CAE9F}"
EndProject
Project("{FAE04EC0-301F-11D3-BF4B-00C04F79EFBC}") = "Model", "Model\Model.csproj", "{6A9396A1-072A-49FA-BFA8-3EC4A4F05FD1}"
EndProject
Global
	GlobalSection(SolutionConfigurationPlatforms) = preSolution
		Debug|Any CPU = Debug|Any CPU
		Release|Any CPU = Release|Any CPU
	EndGlobalSection
	GlobalSection(ProjectConfigurationPlatforms) = postSolution
		{3F0237D3-F1A8-4BF1-9E46-16407736F81A}.Debug|Any CPU.ActiveCfg = Debug|Any CPU
		{3F0237D3-F1A8-4BF1-9E46-16407736F81A}.Debug|Any CPU.Build.0 = Debug|Any CPU
		{3F0237D3-F1A8-4BF1-9E46-16407736F81A}.Release|Any CPU.ActiveCfg = Release|Any CPU
		{3F0237D3-F1A8-4BF1-9E46-16407736F81A}.Release|Any CPU.Build.0 = Release|Any CPU
		{0BD38449-9112-441F-95E8-875F803CAE9F}.Debug|Any CPU.ActiveCfg = Debug|Any CPU
		{0BD38449-9112-441F-95E8-875F803CAE9F}.Debug|Any CPU.Build.0 = Debug|Any CPU
		{0BD38449-9112-441F-95E8-875F803CAE9F}.Release|Any CPU.ActiveCfg = Release|Any CPU
		{0BD38449-9112-441F-95E8-875F803CAE9F}.Release|Any CPU.Build.0 = Release|Any CPU
		{6A9396A1-072A-49FA-BFA8-3EC4A4F05FD1}.Debug|Any CPU.ActiveCfg = Debug|Any CPU
		{6A9396A1-072A-49FA-BFA8-3EC4A4F05FD1}.Debug|Any CPU.Build.0 = Debug|Any CPU
		{6A9396A1-072A-49FA-BFA8-3EC4A4F05FD1}.Release|Any CPU.ActiveCfg = Release|Any CPU
		{6A9396A1-072A-49FA-BFA8-3EC4A4F05FD1}.Release|Any CPU.Build.0 = Release|Any CPU
	EndGlobalSection
	GlobalSection(SolutionProperties) = preSolution
		HideSolutionNode = FALSE
	EndGlobalSection
	GlobalSection(ExtensibilityGlobals) = postSolution
		SolutionGuid = {264AC10F-B838-4DDB-8ED9-2FEBA3FEE524}
	EndGlobalSection
EndGlobal
